
Microsoft Visual Studio Solution File, Format Version 12.00
# Visual Studio 15
VisualStudioVersion = 15.0.27428.2005
MinimumVisualStudioVersion = 10.0.40219.1
Project("{9A19103F-16F7-4668-BE54-9A1E7A4F7556}") = "CharacterApp", "src\CharacterApp\CharacterApp.csproj", "{C8597EA7-6DE5-43F9-9330-1E83A8D00DAE}"
EndProject
Project("{9A19103F-16F7-4668-BE54-9A1E7A4F7556}") = "CharacterLib", "src\CharacterLib\CharacterLib.csproj", "{6840EB17-E1AA-4FC8-AA64-69749C536B42}"
EndProject
Global
	GlobalSection(SolutionConfigurationPlatforms) = preSolution
		Debug|Any CPU = Debug|Any CPU
		Release|Any CPU = Release|Any CPU
	EndGlobalSection
	GlobalSection(ProjectConfigurationPlatforms) = postSolution
		{C8597EA7-6DE5-43F9-9330-1E83A8D00DAE}.Debug|Any CPU.ActiveCfg = Debug|Any CPU
		{C8597EA7-6DE5-43F9-9330-1E83A8D00DAE}.Debug|Any CPU.Build.0 = Debug|Any CPU
		{C8597EA7-6DE5-43F9-9330-1E83A8D00DAE}.Release|Any CPU.ActiveCfg = Release|Any CPU
		{C8597EA7-6DE5-43F9-9330-1E83A8D00DAE}.Release|Any CPU.Build.0 = Release|Any CPU
		{6840EB17-E1AA-4FC8-AA64-69749C536B42}.Debug|Any CPU.ActiveCfg = Debug|Any CPU
		{6840EB17-E1AA-4FC8-AA64-69749C536B42}.Debug|Any CPU.Build.0 = Debug|Any CPU
		{6840EB17-E1AA-4FC8-AA64-69749C536B42}.Release|Any CPU.ActiveCfg = Release|Any CPU
		{6840EB17-E1AA-4FC8-AA64-69749C536B42}.Release|Any CPU.Build.0 = Release|Any CPU
	EndGlobalSection
	GlobalSection(SolutionProperties) = preSolution
		HideSolutionNode = FALSE
	EndGlobalSection
	GlobalSection(ExtensibilityGlobals) = postSolution
		SolutionGuid = {5A52D828-3904-4FFE-8667-DEE893A31338}
	EndGlobalSection
EndGlobal
